
Microsoft Visual Studio Solution File, Format Version 12.00
# Visual Studio 15
VisualStudioVersion = 15.0.27428.1
MinimumVisualStudioVersion = 10.0.40219.1
Project("{FAE04EC0-301F-11D3-BF4B-00C04F79EFBC}") = "WebApplication2", "WebApplication2\WebApplication2.csproj", "{DF8A4E08-06D8-4E5D-8F37-A4AB82B39562}"
EndProject
Project("{E53339B2-1760-4266-BCC7-CA923CBCF16C}") = "docker-compose", "docker-compose.dcproj", "{DA8DD997-4F92-4606-930A-5D9A4405C317}"
EndProject
Project("{FAE04EC0-301F-11D3-BF4B-00C04F79EFBC}") = "Communication", "..\WPF-application\ex2 AP2\Communication\Communication.csproj", "{6C0785A8-9A11-440E-8A02-4BFEF131EA86}"
EndProject
Project("{FAE04EC0-301F-11D3-BF4B-00C04F79EFBC}") = "Infrastructure", "..\WPF-application\ex2 AP2\Infrastructure\Infrastructure.csproj", "{77CD3566-6CC7-4213-AD0F-80C895E84C14}"
EndProject
Project("{FAE04EC0-301F-11D3-BF4B-00C04F79EFBC}") = "Logs", "..\WPF-application\ex2 AP2\Logs\Logs.csproj", "{6190E687-26B0-48BD-AE4D-0440B72F2531}"
EndProject
Project("{FAE04EC0-301F-11D3-BF4B-00C04F79EFBC}") = "ImageService", "..\ImageService\ImageService\ImageService.csproj", "{20A2843F-8477-4219-90AA-2AED8530FE1F}"
EndProject
Project("{FAE04EC0-301F-11D3-BF4B-00C04F79EFBC}") = "ImageServiceGui", "..\WPF-application\ex2 AP2\ex2 AP2\ImageServiceGui.csproj", "{E3D1EEE9-5633-4E1A-A33C-945778A18E12}"
EndProject
Global
	GlobalSection(SolutionConfigurationPlatforms) = preSolution
		Debug|Any CPU = Debug|Any CPU
		Release|Any CPU = Release|Any CPU
	EndGlobalSection
	GlobalSection(ProjectConfigurationPlatforms) = postSolution
		{DF8A4E08-06D8-4E5D-8F37-A4AB82B39562}.Debug|Any CPU.ActiveCfg = Debug|Any CPU
		{DF8A4E08-06D8-4E5D-8F37-A4AB82B39562}.Debug|Any CPU.Build.0 = Debug|Any CPU
		{DF8A4E08-06D8-4E5D-8F37-A4AB82B39562}.Release|Any CPU.ActiveCfg = Release|Any CPU
		{DF8A4E08-06D8-4E5D-8F37-A4AB82B39562}.Release|Any CPU.Build.0 = Release|Any CPU
		{DA8DD997-4F92-4606-930A-5D9A4405C317}.Debug|Any CPU.ActiveCfg = Debug|Any CPU
		{DA8DD997-4F92-4606-930A-5D9A4405C317}.Debug|Any CPU.Build.0 = Debug|Any CPU
		{DA8DD997-4F92-4606-930A-5D9A4405C317}.Release|Any CPU.ActiveCfg = Release|Any CPU
		{DA8DD997-4F92-4606-930A-5D9A4405C317}.Release|Any CPU.Build.0 = Release|Any CPU
		{6C0785A8-9A11-440E-8A02-4BFEF131EA86}.Debug|Any CPU.ActiveCfg = Debug|Any CPU
		{6C0785A8-9A11-440E-8A02-4BFEF131EA86}.Debug|Any CPU.Build.0 = Debug|Any CPU
		{6C0785A8-9A11-440E-8A02-4BFEF131EA86}.Release|Any CPU.ActiveCfg = Release|Any CPU
		{6C0785A8-9A11-440E-8A02-4BFEF131EA86}.Release|Any CPU.Build.0 = Release|Any CPU
		{77CD3566-6CC7-4213-AD0F-80C895E84C14}.Debug|Any CPU.ActiveCfg = Debug|Any CPU
		{77CD3566-6CC7-4213-AD0F-80C895E84C14}.Debug|Any CPU.Build.0 = Debug|Any CPU
		{77CD3566-6CC7-4213-AD0F-80C895E84C14}.Release|Any CPU.ActiveCfg = Release|Any CPU
		{77CD3566-6CC7-4213-AD0F-80C895E84C14}.Release|Any CPU.Build.0 = Release|Any CPU
		{6190E687-26B0-48BD-AE4D-0440B72F2531}.Debug|Any CPU.ActiveCfg = Debug|Any CPU
		{6190E687-26B0-48BD-AE4D-0440B72F2531}.Debug|Any CPU.Build.0 = Debug|Any CPU
		{6190E687-26B0-48BD-AE4D-0440B72F2531}.Release|Any CPU.ActiveCfg = Release|Any CPU
		{6190E687-26B0-48BD-AE4D-0440B72F2531}.Release|Any CPU.Build.0 = Release|Any CPU
		{20A2843F-8477-4219-90AA-2AED8530FE1F}.Debug|Any CPU.ActiveCfg = Debug|Any CPU
		{20A2843F-8477-4219-90AA-2AED8530FE1F}.Debug|Any CPU.Build.0 = Debug|Any CPU
		{20A2843F-8477-4219-90AA-2AED8530FE1F}.Release|Any CPU.ActiveCfg = Release|Any CPU
		{20A2843F-8477-4219-90AA-2AED8530FE1F}.Release|Any CPU.Build.0 = Release|Any CPU
		{E3D1EEE9-5633-4E1A-A33C-945778A18E12}.Debug|Any CPU.ActiveCfg = Debug|Any CPU
		{E3D1EEE9-5633-4E1A-A33C-945778A18E12}.Debug|Any CPU.Build.0 = Debug|Any CPU
		{E3D1EEE9-5633-4E1A-A33C-945778A18E12}.Release|Any CPU.ActiveCfg = Release|Any CPU
		{E3D1EEE9-5633-4E1A-A33C-945778A18E12}.Release|Any CPU.Build.0 = Release|Any CPU
	EndGlobalSection
	GlobalSection(SolutionProperties) = preSolution
		HideSolutionNode = FALSE
	EndGlobalSection
	GlobalSection(ExtensibilityGlobals) = postSolution
		SolutionGuid = {17D0547E-DE3B-411D-846E-12D2898D148E}
	EndGlobalSection
EndGlobal
